
Microsoft Visual Studio Solution File, Format Version 12.00
# Visual Studio Version 17
VisualStudioVersion = 17.12.35309.182
MinimumVisualStudioVersion = 10.0.40219.1
Project("{FAE04EC0-301F-11D3-BF4B-00C04F79EFBC}") = "ToolboxConsole", "ToolboxConsole\ToolboxConsole.csproj", "{05B080DA-7DDD-4F2C-BB85-74459CAC6B83}"
EndProject
Project("{FAE04EC0-301F-11D3-BF4B-00C04F79EFBC}") = "Extensions", "Extensions\Extensions.csproj", "{38ABCEF1-3957-441D-B3B8-978B975EF168}"
EndProject
Global
	GlobalSection(SolutionConfigurationPlatforms) = preSolution
		Debug|Any CPU = Debug|Any CPU
		Release|Any CPU = Release|Any CPU
	EndGlobalSection
	GlobalSection(ProjectConfigurationPlatforms) = postSolution
		{05B080DA-7DDD-4F2C-BB85-74459CAC6B83}.Debug|Any CPU.ActiveCfg = Debug|Any CPU
		{05B080DA-7DDD-4F2C-BB85-74459CAC6B83}.Debug|Any CPU.Build.0 = Debug|Any CPU
		{05B080DA-7DDD-4F2C-BB85-74459CAC6B83}.Release|Any CPU.ActiveCfg = Release|Any CPU
		{05B080DA-7DDD-4F2C-BB85-74459CAC6B83}.Release|Any CPU.Build.0 = Release|Any CPU
		{38ABCEF1-3957-441D-B3B8-978B975EF168}.Debug|Any CPU.ActiveCfg = Debug|Any CPU
		{38ABCEF1-3957-441D-B3B8-978B975EF168}.Debug|Any CPU.Build.0 = Debug|Any CPU
		{38ABCEF1-3957-441D-B3B8-978B975EF168}.Release|Any CPU.ActiveCfg = Release|Any CPU
		{38ABCEF1-3957-441D-B3B8-978B975EF168}.Release|Any CPU.Build.0 = Release|Any CPU
	EndGlobalSection
	GlobalSection(SolutionProperties) = preSolution
		HideSolutionNode = FALSE
	EndGlobalSection
	GlobalSection(ExtensibilityGlobals) = postSolution
		SolutionGuid = {6C8CB646-939D-4668-977C-9A588343199F}
	EndGlobalSection
EndGlobal
